
Microsoft Visual Studio Solution File, Format Version 12.00
# Visual Studio 15
VisualStudioVersion = 15.0.26730.10
MinimumVisualStudioVersion = 10.0.40219.1
Project("{FAE04EC0-301F-11D3-BF4B-00C04F79EFBC}") = "ArthR", "ArthR\ArthR.csproj", "{C7E53786-F688-435E-BECD-56EBAA7707BA}"
EndProject
Project("{E53339B2-1760-4266-BCC7-CA923CBCF16C}") = "docker-compose", "docker-compose.dcproj", "{5C3C4AFE-F69C-4345-A076-1E6EFE907AC4}"
EndProject
Global
	GlobalSection(SolutionConfigurationPlatforms) = preSolution
		Debug|Any CPU = Debug|Any CPU
		Release|Any CPU = Release|Any CPU
	EndGlobalSection
	GlobalSection(ProjectConfigurationPlatforms) = postSolution
		{C7E53786-F688-435E-BECD-56EBAA7707BA}.Debug|Any CPU.ActiveCfg = Debug|Any CPU
		{C7E53786-F688-435E-BECD-56EBAA7707BA}.Debug|Any CPU.Build.0 = Debug|Any CPU
		{C7E53786-F688-435E-BECD-56EBAA7707BA}.Release|Any CPU.ActiveCfg = Release|Any CPU
		{C7E53786-F688-435E-BECD-56EBAA7707BA}.Release|Any CPU.Build.0 = Release|Any CPU
		{5C3C4AFE-F69C-4345-A076-1E6EFE907AC4}.Debug|Any CPU.ActiveCfg = Debug|Any CPU
		{5C3C4AFE-F69C-4345-A076-1E6EFE907AC4}.Debug|Any CPU.Build.0 = Debug|Any CPU
		{5C3C4AFE-F69C-4345-A076-1E6EFE907AC4}.Release|Any CPU.ActiveCfg = Release|Any CPU
		{5C3C4AFE-F69C-4345-A076-1E6EFE907AC4}.Release|Any CPU.Build.0 = Release|Any CPU
	EndGlobalSection
	GlobalSection(SolutionProperties) = preSolution
		HideSolutionNode = FALSE
	EndGlobalSection
	GlobalSection(ExtensibilityGlobals) = postSolution
		SolutionGuid = {52A46387-6A46-4CD6-A184-A1E2DD2F48C4}
	EndGlobalSection
EndGlobal
